
Microsoft Visual Studio Solution File, Format Version 12.00
# Visual Studio 16
Project("{FAE04EC0-301F-11D3-BF4B-00C04F79EFBC}") = "Assembly-CSharp", "Assembly-CSharp.csproj", "{6FFE10FF-8625-9ACF-08C7-DF9B959DB521}"
EndProject
Project("{FAE04EC0-301F-11D3-BF4B-00C04F79EFBC}") = "Assembly-CSharp-Editor", "Assembly-CSharp-Editor.csproj", "{ADF51BD3-F1DE-FE9A-C292-90B19B955AC4}"
EndProject
Global
	GlobalSection(SolutionConfigurationPlatforms) = preSolution
		Debug|Any CPU = Debug|Any CPU
		Release|Any CPU = Release|Any CPU
	EndGlobalSection
	GlobalSection(ProjectConfigurationPlatforms) = postSolution
		{6FFE10FF-8625-9ACF-08C7-DF9B959DB521}.Debug|Any CPU.ActiveCfg = Debug|Any CPU
		{6FFE10FF-8625-9ACF-08C7-DF9B959DB521}.Debug|Any CPU.Build.0 = Debug|Any CPU
		{6FFE10FF-8625-9ACF-08C7-DF9B959DB521}.Release|Any CPU.ActiveCfg = Release|Any CPU
		{6FFE10FF-8625-9ACF-08C7-DF9B959DB521}.Release|Any CPU.Build.0 = Release|Any CPU
		{ADF51BD3-F1DE-FE9A-C292-90B19B955AC4}.Debug|Any CPU.ActiveCfg = Debug|Any CPU
		{ADF51BD3-F1DE-FE9A-C292-90B19B955AC4}.Debug|Any CPU.Build.0 = Debug|Any CPU
		{ADF51BD3-F1DE-FE9A-C292-90B19B955AC4}.Release|Any CPU.ActiveCfg = Release|Any CPU
		{ADF51BD3-F1DE-FE9A-C292-90B19B955AC4}.Release|Any CPU.Build.0 = Release|Any CPU
	EndGlobalSection
	GlobalSection(SolutionProperties) = preSolution
		HideSolutionNode = FALSE
	EndGlobalSection
EndGlobal
